<?xml version="1.0" encoding="utf-8"?>
<Project ToolsVersion="4.0" xmlns="http://schemas.microsoft.com/developer/msbuild/2003">
  <ItemGroup>
    <Filter Include="ソース ファイル">
      <UniqueIdentifier>{4FC737F1-C7A5-4376-A066-2A32D752A2FF}</UniqueIdentifier>
      <Extensions>cpp;c;cc;cxx;def;odl;idl;hpj;bat;asm;asmx</Extensions>
    </Filter>
    <Filter Include="ヘッダー ファイル">
      <UniqueIdentifier>{93995380-89BD-4b04-88EB-625FBE52EBFB}</UniqueIdentifier>
      <Extensions>h;hh;hpp;hxx;hm;inl;inc;ipp;xsd</Extensions>
    </Filter>
    <Filter Include="リソース ファイル">
      <UniqueIdentifier>{67DA6AB6-F800-4c08-8B7A-83BB121AAD01}</UniqueIdentifier>
      <Extensions>rc;ico;cur;bmp;dlg;rc2;rct;bin;rgs;gif;jpg;jpeg;jpe;resx;tiff;tif;png;wav;mfcribbon-ms</Extensions>
    </Filter>
    <Filter Include="リソース ファイル\3DModel">
      <UniqueIdentifier>{d84adc4f-a2f8-459f-8143-cb3a1f893723}</UniqueIdentifier>
    </Filter>
    <Filter Include="リソース ファイル\3DModel\Texture">
      <UniqueIdentifier>{d75ca869-ba5d-4e72-a9d5-6c724b942b3f}</UniqueIdentifier>
    </Filter>
    <Filter Include="リソース ファイル\Shader">
      <UniqueIdentifier>{a6eae81d-3101-4588-947f-38f4a3519708}</UniqueIdentifier>
    </Filter>
    <Filter Include="リソース ファイル\Font">
      <UniqueIdentifier>{93f7a989-c846-42b9-adc9-71b2907e8051}</UniqueIdentifier>
    </Filter>
    <Filter Include="ソース ファイル\Loader">
      <UniqueIdentifier>{5c3b664a-6354-4f8e-8650-c5ff5142436b}</UniqueIdentifier>
    </Filter>
    <Filter Include="ヘッダー ファイル\Loader">
      <UniqueIdentifier>{ee82bd85-ab40-4eff-b368-148736e97ecc}</UniqueIdentifier>
    </Filter>
    <Filter Include="ソース ファイル\Shader">
      <UniqueIdentifier>{815d4e90-8018-4ade-85ee-2c6f37263e62}</UniqueIdentifier>
    </Filter>
    <Filter Include="ヘッダー ファイル\Shader">
      <UniqueIdentifier>{2494a773-9aca-4e61-90cf-ad2019fe3bfa}</UniqueIdentifier>
    </Filter>
    <Filter Include="ソース ファイル\Texture">
      <UniqueIdentifier>{1123be86-5514-4b21-bf13-c02a797be9d0}</UniqueIdentifier>
    </Filter>
    <Filter Include="ソース ファイル\System">
      <UniqueIdentifier>{d9a93d67-01b4-493e-9538-3dcdcfeb40fd}</UniqueIdentifier>
    </Filter>
    <Filter Include="ヘッダー ファイル\System">
      <UniqueIdentifier>{a7f4df7b-566f-4a5c-86c6-e48d272b7cda}</UniqueIdentifier>
    </Filter>
    <Filter Include="ヘッダー ファイル\Texture">
      <UniqueIdentifier>{a0932121-a785-4c43-8c7b-ab24c08c1f8f}</UniqueIdentifier>
    </Filter>
    <Filter Include="Utility">
      <UniqueIdentifier>{d7845e41-bd75-4bc9-b4a2-c634ac75f0f6}</UniqueIdentifier>
    </Filter>
    <Filter Include="ヘッダー ファイル\Model">
      <UniqueIdentifier>{8554c6f0-42b1-41e4-8eba-fcc59513253c}</UniqueIdentifier>
    </Filter>
    <Filter Include="ソース ファイル\Model">
      <UniqueIdentifier>{ba10da1f-5127-4d7f-a5c3-3ec5e0d50f5b}</UniqueIdentifier>
    </Filter>
    <Filter Include="ソース ファイル\ImGUI">
      <UniqueIdentifier>{06b06fb0-ff2d-4573-9ea2-35e5db2b9c57}</UniqueIdentifier>
    </Filter>
    <Filter Include="ヘッダー ファイル\ImGUI">
      <UniqueIdentifier>{69c31ccb-f583-45a0-8a67-485a33cb2713}</UniqueIdentifier>
    </Filter>
    <Filter Include="ソース ファイル\Model\M3d">
      <UniqueIdentifier>{512a17df-d0f5-4363-be17-3b365f3a595a}</UniqueIdentifier>
    </Filter>
    <Filter Include="ヘッダー ファイル\Model\M3d">
      <UniqueIdentifier>{d3a586b6-4de6-4061-962d-9576e5e0928b}</UniqueIdentifier>
    </Filter>
    <Filter Include="ソース ファイル\Model\Assimp">
      <UniqueIdentifier>{75e6c2df-718f-4b32-b0e9-f6826de19295}</UniqueIdentifier>
    </Filter>
    <Filter Include="ヘッダー ファイル\Model\Assimp">
      <UniqueIdentifier>{20e4913c-73db-4493-83c5-ffb7091adb68}</UniqueIdentifier>
    </Filter>
  </ItemGroup>
  <ItemGroup>
    <ClCompile Include="main.cpp">
      <Filter>ソース ファイル</Filter>
    </ClCompile>
    <ClCompile Include="cameraclass.cpp">
      <Filter>ソース ファイル</Filter>
    </ClCompile>
    <ClCompile Include="lightclass.cpp">
      <Filter>ソース ファイル</Filter>
    </ClCompile>
    <ClCompile Include="fontclass.cpp">
      <Filter>ソース ファイル</Filter>
    </ClCompile>
    <ClCompile Include="Loader\DDSTextureLoader.cpp">
      <Filter>ソース ファイル\Loader</Filter>
    </ClCompile>
    <ClCompile Include="soundclass.cpp">
      <Filter>ソース ファイル</Filter>
    </ClCompile>
    <ClCompile Include="frustumclass.cpp">
      <Filter>ソース ファイル</Filter>
    </ClCompile>
    <ClCompile Include="modellistclass.cpp">
      <Filter>ソース ファイル</Filter>
    </ClCompile>
    <ClCompile Include="positionclass.cpp">
      <Filter>ソース ファイル</Filter>
    </ClCompile>
    <ClCompile Include="multitextureshaderclass.cpp">
      <Filter>ソース ファイル\Shader</Filter>
    </ClCompile>
    <ClCompile Include="textureshaderclass.cpp">
      <Filter>ソース ファイル\Shader</Filter>
    </ClCompile>
    <ClCompile Include="lightshaderclass.cpp">
      <Filter>ソース ファイル\Shader</Filter>
    </ClCompile>
    <ClCompile Include="fontshaderclass.cpp">
      <Filter>ソース ファイル\Shader</Filter>
    </ClCompile>
    <ClCompile Include="colorshaderclass.cpp">
      <Filter>ソース ファイル\Shader</Filter>
    </ClCompile>
    <ClCompile Include="cpuclass.cpp">
      <Filter>ソース ファイル\System</Filter>
    </ClCompile>
    <ClCompile Include="fpsclass.cpp">
      <Filter>ソース ファイル\System</Filter>
    </ClCompile>
    <ClCompile Include="inputclass.cpp">
      <Filter>ソース ファイル\System</Filter>
    </ClCompile>
    <ClCompile Include="timerclass.cpp">
      <Filter>ソース ファイル\System</Filter>
    </ClCompile>
    <ClCompile Include="bitmapclass.cpp">
      <Filter>ソース ファイル\Texture</Filter>
    </ClCompile>
    <ClCompile Include="ddstextureClass.cpp">
      <Filter>ソース ファイル\Texture</Filter>
    </ClCompile>
    <ClCompile Include="textureclass.cpp">
      <Filter>ソース ファイル\Texture</Filter>
    </ClCompile>
    <ClCompile Include="systemclass.cpp">
      <Filter>ソース ファイル\System</Filter>
    </ClCompile>
    <ClCompile Include="d3dclass.cpp">
      <Filter>ソース ファイル\System</Filter>
    </ClCompile>
    <ClCompile Include="texturearrayclass.cpp">
      <Filter>ソース ファイル\Texture</Filter>
    </ClCompile>
    <ClCompile Include="Loader\WICTextureLoader.cpp">
      <Filter>ソース ファイル\Loader</Filter>
    </ClCompile>
    <ClCompile Include="rendertextureclass.cpp">
      <Filter>ソース ファイル</Filter>
    </ClCompile>
    <ClCompile Include="debugwindowclass.cpp">
      <Filter>ソース ファイル</Filter>
    </ClCompile>
    <ClCompile Include="fogshaderclass.cpp">
      <Filter>ソース ファイル\Shader</Filter>
    </ClCompile>
    <ClCompile Include="ClipPlaneShaderClass.cpp">
      <Filter>ソース ファイル\Shader</Filter>
    </ClCompile>
    <ClCompile Include="translateshaderclass.cpp">
      <Filter>ソース ファイル\Shader</Filter>
    </ClCompile>
    <ClCompile Include="transparentshaderclass.cpp">
      <Filter>ソース ファイル\Shader</Filter>
    </ClCompile>
    <ClCompile Include="reflectshaderclass.cpp">
      <Filter>ソース ファイル\Shader</Filter>
    </ClCompile>
    <ClCompile Include="fadebitmapclass.cpp">
      <Filter>ソース ファイル</Filter>
    </ClCompile>
    <ClCompile Include="fadeshaderclass.cpp">
      <Filter>ソース ファイル</Filter>
    </ClCompile>
    <ClCompile Include="ShaderManagerClass.cpp">
      <Filter>ソース ファイル</Filter>
    </ClCompile>
    <ClCompile Include="ZoneClass.cpp">
      <Filter>ソース ファイル</Filter>
    </ClCompile>
    <ClCompile Include="TextureManagerClass.cpp">
      <Filter>ソース ファイル</Filter>
    </ClCompile>
    <ClCompile Include="UserInterfaceClass.cpp">
      <Filter>ソース ファイル</Filter>
    </ClCompile>
    <ClCompile Include="ApplicationClass.cpp">
      <Filter>ソース ファイル</Filter>
    </ClCompile>
    <ClCompile Include="Utility\ErrorLoger.cpp">
      <Filter>Utility</Filter>
    </ClCompile>
    <ClCompile Include="System\VertexBuffer.cpp">
      <Filter>ソース ファイル\System</Filter>
    </ClCompile>
    <ClCompile Include="Utility\VertexTypes.cpp">
      <Filter>Utility</Filter>
    </ClCompile>
    <ClCompile Include="Shaders.cpp">
      <Filter>ソース ファイル\Shader</Filter>
    </ClCompile>
    <ClCompile Include="TerrainShaderClass.cpp">
      <Filter>ソース ファイル\Shader</Filter>
    </ClCompile>
    <ClCompile Include="modelclass.cpp">
      <Filter>ソース ファイル\Model</Filter>
    </ClCompile>
    <ClCompile Include="SkyDomeClass.cpp">
      <Filter>ソース ファイル\Model</Filter>
    </ClCompile>
    <ClCompile Include="TerrainClass.cpp">
      <Filter>ソース ファイル\Model</Filter>
    </ClCompile>
    <ClCompile Include="TerrainCellClass.cpp">
      <Filter>ソース ファイル\Model</Filter>
    </ClCompile>
    <ClCompile Include="textclass.cpp">
      <Filter>ソース ファイル\Model</Filter>
    </ClCompile>
    <ClCompile Include="System\IndexBuffer.cpp">
      <Filter>ソース ファイル</Filter>
    </ClCompile>
    <ClCompile Include="MiniMapClass.cpp">
      <Filter>ソース ファイル</Filter>
    </ClCompile>
    <ClCompile Include="ParticleSystemClass.cpp">
      <Filter>ソース ファイル</Filter>
    </ClCompile>
    <ClCompile Include="ParticleShaderClass.cpp">
      <Filter>ソース ファイル\Shader</Filter>
    </ClCompile>
    <ClCompile Include="SkyCubeClass.cpp">
      <Filter>ソース ファイル\Model</Filter>
    </ClCompile>
    <ClCompile Include="SkyDomeShaderClass.cpp">
      <Filter>ソース ファイル\Shader</Filter>
    </ClCompile>
    <ClCompile Include="SkyCubeShaderClass.cpp">
      <Filter>ソース ファイル</Filter>
    </ClCompile>
    <ClCompile Include="GameObjectClass.cpp">
      <Filter>ソース ファイル</Filter>
    </ClCompile>
    <ClCompile Include="Texture.cpp">
      <Filter>ソース ファイル\Texture</Filter>
    </ClCompile>
    <ClCompile Include="Color.cpp">
      <Filter>ソース ファイル\Texture</Filter>
    </ClCompile>
    <ClCompile Include="Utility\StringHelper.cpp">
      <Filter>Utility</Filter>
    </ClCompile>
    <ClCompile Include="System\Vertex.cpp">
      <Filter>ソース ファイル\System</Filter>
    </ClCompile>
    <ClCompile Include="ImGUI\imgui.cpp">
      <Filter>ソース ファイル\ImGUI</Filter>
    </ClCompile>
    <ClCompile Include="ImGUI\imgui_draw.cpp">
      <Filter>ソース ファイル\ImGUI</Filter>
    </ClCompile>
    <ClCompile Include="ImGUI\imgui_impl_dx11.cpp">
      <Filter>ソース ファイル\ImGUI</Filter>
    </ClCompile>
    <ClCompile Include="ImGUI\imgui_impl_win32.cpp">
      <Filter>ソース ファイル\ImGUI</Filter>
    </ClCompile>
    <ClCompile Include="ImGUI\imgui_widgets.cpp">
      <Filter>ソース ファイル\ImGUI</Filter>
    </ClCompile>
    <ClCompile Include="ImGuiClass.cpp">
      <Filter>ソース ファイル</Filter>
    </ClCompile>
    <ClCompile Include="CharacterClass.cpp">
      <Filter>ソース ファイル</Filter>
    </ClCompile>
    <ClCompile Include="M3dLoaderClass.cpp">
      <Filter>ソース ファイル\Model\M3d</Filter>
    </ClCompile>
    <ClCompile Include="MeshGeometryClass.cpp">
      <Filter>ソース ファイル\Model\M3d</Filter>
    </ClCompile>
    <ClCompile Include="SkinnedDataClass.cpp">
      <Filter>ソース ファイル\Model\M3d</Filter>
    </ClCompile>
    <ClCompile Include="SkinnedModelClass.cpp">
      <Filter>ソース ファイル\Model\M3d</Filter>
    </ClCompile>
    <ClCompile Include="SkeletalCharacterShaderClass.cpp">
      <Filter>ソース ファイル\Model\M3d</Filter>
    </ClCompile>
    <ClCompile Include="AssimpSkinnedModel.cpp">
      <Filter>ソース ファイル\Model\Assimp</Filter>
    </ClCompile>
    <ClCompile Include="Mesh.cpp">
      <Filter>ソース ファイル\Model\Assimp</Filter>
    </ClCompile>
    <ClCompile Include="Model.cpp">
      <Filter>ソース ファイル\Model\Assimp</Filter>
    </ClCompile>
  </ItemGroup>
  <ItemGroup>
    <ClInclude Include="ProjectInfo.h">
      <Filter>ヘッダー ファイル</Filter>
    </ClInclude>
    <ClInclude Include="cameraclass.h">
      <Filter>ヘッダー ファイル</Filter>
    </ClInclude>
    <ClInclude Include="resource.h">
      <Filter>ヘッダー ファイル</Filter>
    </ClInclude>
    <ClInclude Include="lightclass.h">
      <Filter>ヘッダー ファイル</Filter>
    </ClInclude>
    <ClInclude Include="fontclass.h">
      <Filter>ヘッダー ファイル</Filter>
    </ClInclude>
    <ClInclude Include="Loader\DDSTextureLoader.h">
      <Filter>ヘッダー ファイル\Loader</Filter>
    </ClInclude>
    <ClInclude Include="frustumclass.h">
      <Filter>ヘッダー ファイル</Filter>
    </ClInclude>
    <ClInclude Include="modellistclass.h">
      <Filter>ヘッダー ファイル</Filter>
    </ClInclude>
    <ClInclude Include="positionclass.h">
      <Filter>ヘッダー ファイル</Filter>
    </ClInclude>
    <ClInclude Include="fontshaderclass.h">
      <Filter>ヘッダー ファイル\Shader</Filter>
    </ClInclude>
    <ClInclude Include="multitextureshaderclass.h">
      <Filter>ヘッダー ファイル\Shader</Filter>
    </ClInclude>
    <ClInclude Include="lightshaderclass.h">
      <Filter>ヘッダー ファイル\Shader</Filter>
    </ClInclude>
    <ClInclude Include="textureshaderclass.h">
      <Filter>ヘッダー ファイル\Shader</Filter>
    </ClInclude>
    <ClInclude Include="colorshaderclass.h">
      <Filter>ヘッダー ファイル\Shader</Filter>
    </ClInclude>
    <ClInclude Include="fpsclass.h">
      <Filter>ヘッダー ファイル\System</Filter>
    </ClInclude>
    <ClInclude Include="cpuclass.h">
      <Filter>ヘッダー ファイル\System</Filter>
    </ClInclude>
    <ClInclude Include="inputclass.h">
      <Filter>ヘッダー ファイル\System</Filter>
    </ClInclude>
    <ClInclude Include="timerclass.h">
      <Filter>ヘッダー ファイル\System</Filter>
    </ClInclude>
    <ClInclude Include="bitmapclass.h">
      <Filter>ヘッダー ファイル\Texture</Filter>
    </ClInclude>
    <ClInclude Include="textureclass.h">
      <Filter>ヘッダー ファイル\Texture</Filter>
    </ClInclude>
    <ClInclude Include="ddstextureClass.h">
      <Filter>ヘッダー ファイル\Texture</Filter>
    </ClInclude>
    <ClInclude Include="systemclass.h">
      <Filter>ヘッダー ファイル\System</Filter>
    </ClInclude>
    <ClInclude Include="d3dclass.h">
      <Filter>ヘッダー ファイル\System</Filter>
    </ClInclude>
    <ClInclude Include="texturearrayclass.h">
      <Filter>ヘッダー ファイル\Texture</Filter>
    </ClInclude>
    <ClInclude Include="Loader\WICTextureLoader.h">
      <Filter>ヘッダー ファイル\Loader</Filter>
    </ClInclude>
    <ClInclude Include="rendertextureclass.h">
      <Filter>ヘッダー ファイル</Filter>
    </ClInclude>
    <ClInclude Include="debugwindowclass.h">
      <Filter>ヘッダー ファイル</Filter>
    </ClInclude>
    <ClInclude Include="fogshaderclass.h">
      <Filter>ヘッダー ファイル\Shader</Filter>
    </ClInclude>
    <ClInclude Include="ClipPlaneShaderClass.h">
      <Filter>ヘッダー ファイル\Shader</Filter>
    </ClInclude>
    <ClInclude Include="transparentshaderclass.h">
      <Filter>ヘッダー ファイル\Shader</Filter>
    </ClInclude>
    <ClInclude Include="translateshaderclass.h">
      <Filter>ヘッダー ファイル\Shader</Filter>
    </ClInclude>
    <ClInclude Include="reflectshaderclass.h">
      <Filter>ヘッダー ファイル\Shader</Filter>
    </ClInclude>
    <ClInclude Include="fadebitmapclass.h">
      <Filter>ヘッダー ファイル</Filter>
    </ClInclude>
    <ClInclude Include="ShaderManagerClass.h">
      <Filter>ヘッダー ファイル</Filter>
    </ClInclude>
    <ClInclude Include="ZoneClass.h">
      <Filter>ヘッダー ファイル</Filter>
    </ClInclude>
    <ClInclude Include="TextureManagerClass.h">
      <Filter>ヘッダー ファイル</Filter>
    </ClInclude>
    <ClInclude Include="UserInterfaceClass.h">
      <Filter>ヘッダー ファイル</Filter>
    </ClInclude>
    <ClInclude Include="ApplicationClass.h">
      <Filter>ヘッダー ファイル</Filter>
    </ClInclude>
    <ClInclude Include="Utility\ErrorLoger.h">
      <Filter>Utility</Filter>
    </ClInclude>
    <ClInclude Include="Utility\Material.h">
      <Filter>Utility</Filter>
    </ClInclude>
    <ClInclude Include="Utility\Light.h">
      <Filter>Utility</Filter>
    </ClInclude>
    <ClInclude Include="Utility\Geometry.h">
      <Filter>Utility</Filter>
    </ClInclude>
    <ClInclude Include="Utility\VertexTypes.h">
      <Filter>Utility</Filter>
    </ClInclude>
    <ClInclude Include="System\VertexBuffer.h">
      <Filter>ヘッダー ファイル\System</Filter>
    </ClInclude>
    <ClInclude Include="System\IndexBuffer.h">
      <Filter>ヘッダー ファイル\System</Filter>
    </ClInclude>
    <ClInclude Include="System\ConstantBuffer.h">
      <Filter>ヘッダー ファイル\System</Filter>
    </ClInclude>
    <ClInclude Include="modelclass.h">
      <Filter>ヘッダー ファイル\Model</Filter>
    </ClInclude>
    <ClInclude Include="SkyDomeClass.h">
      <Filter>ヘッダー ファイル\Model</Filter>
    </ClInclude>
    <ClInclude Include="TerrainClass.h">
      <Filter>ヘッダー ファイル\Model</Filter>
    </ClInclude>
    <ClInclude Include="textclass.h">
      <Filter>ヘッダー ファイル\Model</Filter>
    </ClInclude>
    <ClInclude Include="fadeshaderclass.h">
      <Filter>ヘッダー ファイル\Shader</Filter>
    </ClInclude>
    <ClInclude Include="soundclass.h">
      <Filter>ヘッダー ファイル\System</Filter>
    </ClInclude>
    <ClInclude Include="Shaders.h">
      <Filter>ヘッダー ファイル\Shader</Filter>
    </ClInclude>
    <ClInclude Include="TerrainShaderClass.h">
      <Filter>ヘッダー ファイル\Shader</Filter>
    </ClInclude>
    <ClInclude Include="TerrainCellClass.h">
      <Filter>ヘッダー ファイル\Model</Filter>
    </ClInclude>
    <ClInclude Include="MiniMapClass.h">
      <Filter>ヘッダー ファイル</Filter>
    </ClInclude>
    <ClInclude Include="ParticleSystemClass.h">
      <Filter>ヘッダー ファイル</Filter>
    </ClInclude>
    <ClInclude Include="ParticleShaderClass.h">
      <Filter>ヘッダー ファイル\Shader</Filter>
    </ClInclude>
    <ClInclude Include="SkyDomeShaderClass.h">
      <Filter>ヘッダー ファイル\Shader</Filter>
    </ClInclude>
    <ClInclude Include="SkyCubeClass.h">
      <Filter>ヘッダー ファイル\Model</Filter>
    </ClInclude>
    <ClInclude Include="System\Vertex.h">
      <Filter>ヘッダー ファイル\System</Filter>
    </ClInclude>
    <ClInclude Include="GameObjectClass.h">
      <Filter>ヘッダー ファイル</Filter>
    </ClInclude>
    <ClInclude Include="Texture.h">
      <Filter>ヘッダー ファイル\Texture</Filter>
    </ClInclude>
    <ClInclude Include="Color.h">
      <Filter>ヘッダー ファイル\Texture</Filter>
    </ClInclude>
    <ClInclude Include="Utility\StringHelper.h">
      <Filter>Utility</Filter>
    </ClInclude>
    <ClInclude Include="System\ConstanBufferTypes.h">
      <Filter>ヘッダー ファイル\System</Filter>
    </ClInclude>
    <ClInclude Include="SkyCubeShaderClass.h">
      <Filter>ヘッダー ファイル\Shader</Filter>
    </ClInclude>
    <ClInclude Include="Macro.h">
      <Filter>ヘッダー ファイル</Filter>
    </ClInclude>
    <ClInclude Include="ImGUI\imconfig.h">
      <Filter>ヘッダー ファイル\ImGUI</Filter>
    </ClInclude>
    <ClInclude Include="ImGUI\imgui.h">
      <Filter>ヘッダー ファイル\ImGUI</Filter>
    </ClInclude>
    <ClInclude Include="ImGUI\imgui_impl_dx11.h">
      <Filter>ヘッダー ファイル\ImGUI</Filter>
    </ClInclude>
    <ClInclude Include="ImGUI\imgui_internal.h">
      <Filter>ヘッダー ファイル\ImGUI</Filter>
    </ClInclude>
    <ClInclude Include="ImGUI\imstb_rectpack.h">
      <Filter>ヘッダー ファイル\ImGUI</Filter>
    </ClInclude>
    <ClInclude Include="ImGUI\imstb_textedit.h">
      <Filter>ヘッダー ファイル\ImGUI</Filter>
    </ClInclude>
    <ClInclude Include="ImGUI\imstb_truetype.h">
      <Filter>ヘッダー ファイル\ImGUI</Filter>
    </ClInclude>
    <ClInclude Include="ImGuiClass.h">
      <Filter>ヘッダー ファイル</Filter>
    </ClInclude>
    <ClInclude Include="CharacterClass.h">
      <Filter>ヘッダー ファイル</Filter>
    </ClInclude>
    <ClInclude Include="M3dLoaderClass.h">
      <Filter>ヘッダー ファイル\Model\M3d</Filter>
    </ClInclude>
    <ClInclude Include="MeshGeometryClass.h">
      <Filter>ヘッダー ファイル\Model\M3d</Filter>
    </ClInclude>
    <ClInclude Include="SkinnedDataClass.h">
      <Filter>ヘッダー ファイル\Model\M3d</Filter>
    </ClInclude>
    <ClInclude Include="SkinnedModelClass.h">
      <Filter>ヘッダー ファイル\Model\M3d</Filter>
    </ClInclude>
    <ClInclude Include="Model.h">
      <Filter>ヘッダー ファイル\Model\Assimp</Filter>
    </ClInclude>
    <ClInclude Include="Mesh.h">
      <Filter>ヘッダー ファイル\Model\Assimp</Filter>
    </ClInclude>
    <ClInclude Include="SkeletalCharacterShaderClass.h">
      <Filter>ヘッダー ファイル\Model\M3d</Filter>
    </ClInclude>
    <ClInclude Include="AssimpLoader.h">
      <Filter>ヘッダー ファイル\Model\Assimp</Filter>
    </ClInclude>
    <ClInclude Include="AssimpSkinnedModel.h">
      <Filter>ヘッダー ファイル\Model\Assimp</Filter>
    </ClInclude>
    <ClInclude Include="CommonVertexFormat.h">
      <Filter>ヘッダー ファイル\Model\M3d</Filter>
    </ClInclude>
  </ItemGroup>
  <ItemGroup>
    <None Include="Shader.dgsl">
      <Filter>リソース ファイル</Filter>
    </None>
    <None Include="Scene.fbx">
      <Filter>リソース ファイル</Filter>
    </None>
    <None Include="Shader\TranslateVertexShader.hlsl">
      <Filter>リソース ファイル\Shader</Filter>
    </None>
    <None Include="Shader\AlphaMapVertexShader.hlsl">
      <Filter>リソース ファイル\Shader</Filter>
    </None>
    <None Include="Shader\BumpMapPixelShader.hlsl">
      <Filter>リソース ファイル\Shader</Filter>
    </None>
    <None Include="Shader\BumpMapVertexShader.hlsl">
      <Filter>リソース ファイル\Shader</Filter>
    </None>
    <None Include="Shader\ClipPlanePixelShader.hlsl">
      <Filter>リソース ファイル\Shader</Filter>
    </None>
    <None Include="Shader\ClipPlaneVertexShader.hlsl">
      <Filter>リソース ファイル\Shader</Filter>
    </None>
    <None Include="Shader\colorps.hlsl">
      <Filter>リソース ファイル\Shader</Filter>
    </None>
    <None Include="Shader\colorvs.hlsl">
      <Filter>リソース ファイル\Shader</Filter>
    </None>
    <None Include="Shader\FadePixelShader.hlsl">
      <Filter>リソース ファイル\Shader</Filter>
    </None>
    <None Include="Shader\FadeVertexShader.hlsl">
      <Filter>リソース ファイル\Shader</Filter>
    </None>
    <None Include="Shader\FogPixelShader.hlsl">
      <Filter>リソース ファイル\Shader</Filter>
    </None>
    <None Include="Shader\FogVertexShader.hlsl">
      <Filter>リソース ファイル\Shader</Filter>
    </None>
    <None Include="Shader\FontPixelShader.hlsl">
      <Filter>リソース ファイル\Shader</Filter>
    </None>
    <None Include="Shader\FontVertexShader.hlsl">
      <Filter>リソース ファイル\Shader</Filter>
    </None>
    <None Include="Shader\LightMapPixelShader.hlsl">
      <Filter>リソース ファイル\Shader</Filter>
    </None>
    <None Include="Shader\LightMapVertexShader.hlsl">
      <Filter>リソース ファイル\Shader</Filter>
    </None>
    <None Include="Shader\LightPixelShader.hlsl">
      <Filter>リソース ファイル\Shader</Filter>
    </None>
    <None Include="Shader\LightVertexShader.hlsl">
      <Filter>リソース ファイル\Shader</Filter>
    </None>
    <None Include="Shader\MultiTexturePixelShader.hlsl">
      <Filter>リソース ファイル\Shader</Filter>
    </None>
    <None Include="Shader\MultiTextureVertexShader.hlsl">
      <Filter>リソース ファイル\Shader</Filter>
    </None>
    <None Include="Shader\ParticlePixelShader.hlsl">
      <Filter>リソース ファイル\Shader</Filter>
    </None>
    <None Include="Shader\ParticleVertexShader.hlsl">
      <Filter>リソース ファイル\Shader</Filter>
    </None>
    <None Include="Shader\PixelShader2.hlsl">
      <Filter>リソース ファイル\Shader</Filter>
    </None>
    <None Include="Shader\ReflectPixelShader.hlsl">
      <Filter>リソース ファイル\Shader</Filter>
    </None>
    <None Include="Shader\ReflectVertexShader.hlsl">
      <Filter>リソース ファイル\Shader</Filter>
    </None>
    <None Include="Shader\SkinBoneBumpMapPixelShader.hlsl">
      <Filter>リソース ファイル\Shader</Filter>
    </None>
    <None Include="Shader\SkinBoneBumpMapVertexShader.hlsl">
      <Filter>リソース ファイル\Shader</Filter>
    </None>
    <None Include="Shader\SkyCubePixelShader.hlsl">
      <Filter>リソース ファイル\Shader</Filter>
    </None>
    <None Include="Shader\SkyCubeVertexShader.hlsl">
      <Filter>リソース ファイル\Shader</Filter>
    </None>
    <None Include="Shader\SkyDomePixelShader.hlsl">
      <Filter>リソース ファイル\Shader</Filter>
    </None>
    <None Include="Shader\SkyDomeVertexShader.hlsl">
      <Filter>リソース ファイル\Shader</Filter>
    </None>
    <None Include="Shader\SpecMapPixelShader.hlsl">
      <Filter>リソース ファイル\Shader</Filter>
    </None>
    <None Include="Shader\SpecMapVertexShader.hlsl">
      <Filter>リソース ファイル\Shader</Filter>
    </None>
    <None Include="Shader\TerrainPixelShader.hlsl">
      <Filter>リソース ファイル\Shader</Filter>
    </None>
    <None Include="Shader\TerrainVertexShader.hlsl">
      <Filter>リソース ファイル\Shader</Filter>
    </None>
    <None Include="Shader\TexturePixelShader.hlsl">
      <Filter>リソース ファイル\Shader</Filter>
    </None>
    <None Include="Shader\TextureVertexShader.hlsl">
      <Filter>リソース ファイル\Shader</Filter>
    </None>
    <None Include="Shader\TranslatePixelShader.hlsl">
      <Filter>リソース ファイル\Shader</Filter>
    </None>
    <None Include="Shader\AlphaMapPixelShader.hlsl">
      <Filter>リソース ファイル\Shader</Filter>
    </None>
  </ItemGroup>
  <ItemGroup>
    <Image Include="3DModel\Texture\hoge.tga">
      <Filter>リソース ファイル\3DModel\Texture</Filter>
    </Image>
    <Image Include="3DModel\Texture\pic8026.tga">
      <Filter>リソース ファイル\3DModel\Texture</Filter>
    </Image>
    <Image Include="Font\font.dds">
      <Filter>リソース ファイル\Font</Filter>
    </Image>
    <Image Include="Resources\icon1.ico">
      <Filter>リソース ファイル</Filter>
    </Image>
    <Image Include="Resources\bitmap1.bmp">
      <Filter>リソース ファイル</Filter>
    </Image>
    <Image Include="Resources\sword.tga">
      <Filter>リソース ファイル</Filter>
    </Image>
    <Image Include="Resources\sword.dds">
      <Filter>リソース ファイル</Filter>
    </Image>
    <Image Include="3DModel\Texture\seafloor.dds">
      <Filter>リソース ファイル\3DModel\Texture</Filter>
    </Image>
    <Image Include="3DModel\Texture\hoge.dds">
      <Filter>リソース ファイル\3DModel\Texture</Filter>
    </Image>
    <Image Include="3DModel\Texture\pic8026.dds">
      <Filter>リソース ファイル\3DModel\Texture</Filter>
    </Image>
    <Image Include="3DModel\Texture\dirt01.dds">
      <Filter>リソース ファイル\3DModel\Texture</Filter>
    </Image>
    <Image Include="3DModel\Texture\stone01.dds">
      <Filter>リソース ファイル\3DModel\Texture</Filter>
    </Image>
    <Image Include="3DModel\Texture\light01.dds">
      <Filter>リソース ファイル\3DModel\Texture</Filter>
    </Image>
  </ItemGroup>
  <ItemGroup>
    <ResourceCompile Include="DirectXtest.rc">
      <Filter>リソース ファイル</Filter>
    </ResourceCompile>
  </ItemGroup>
  <ItemGroup>
    <Text Include="3DModel\Cube.txt">
      <Filter>リソース ファイル\3DModel</Filter>
    </Text>
    <Text Include="3DModel\mayacube.txt">
      <Filter>リソース ファイル\3DModel</Filter>
    </Text>
    <Text Include="Font\Format.txt">
      <Filter>リソース ファイル\Font</Filter>
    </Text>
    <Text Include="3DModel\sphere.txt">
      <Filter>リソース ファイル\3DModel</Filter>
    </Text>
    <Text Include="3DModel\square.txt">
      <Filter>リソース ファイル\3DModel</Filter>
    </Text>
  </ItemGroup>
  <ItemGroup>
    <Media Include="Resources\01.wav">
      <Filter>リソース ファイル</Filter>
    </Media>
  </ItemGroup>
</Project>